PODS:
  - MisterFusion (2.0.0)
  - SABlurImageView (3.0.0)
  - SAParallaxViewControllerSwift (2.0.0)

DEPENDENCIES:
  - MisterFusion (from `https://github.com/szk-atmosphere/MisterFusion.git`, tag `2.0.0-beta`)
  - SABlurImageView (from `https://github.com/szk-atmosphere/SABlurImageView.git`,
    tag `3.0.0-beta`)
  - SAParallaxViewControllerSwift (from `../`)

EXTERNAL SOURCES:
  MisterFusion:
    :git: https://github.com/szk-atmosphere/MisterFusion.git
    :tag: 2.0.0-beta
  SABlurImageView:
    :git: https://github.com/szk-atmosphere/SABlurImageView.git
    :tag: 3.0.0-beta
  SAParallaxViewControllerSwift:
    :path: "../"

CHECKOUT OPTIONS:
  MisterFusion:
    :git: https://github.com/szk-atmosphere/MisterFusion.git
    :tag: 2.0.0-beta
  SABlurImageView:
    :git: https://github.com/szk-atmosphere/SABlurImageView.git
    :tag: 3.0.0-beta

SPEC CHECKSUMS:
  MisterFusion: bd71d218ad9fa2054f45070178409b043c144448
  SABlurImageView: 7078f9226c4a26ea4dedf69ad140f1376679e02d
  SAParallaxViewControllerSwift: f5e9e86399ed7a1a1627345f4ba12dedcc07f63f

COCOAPODS: 0.39.0
