PODS:
  - MisterFusion (1.4.0)
  - SABlurImageView (2.2.0)
  - SAParallaxViewControllerSwift (1.5.0):
    - MisterFusion (~> 1.4.0)
    - SABlurImageView (~> 2.2.0)

DEPENDENCIES:
  - SAParallaxViewControllerSwift (from `../`)

EXTERNAL SOURCES:
  SAParallaxViewControllerSwift:
    :path: "../"

SPEC CHECKSUMS:
  MisterFusion: ccb69d87569a4acaabda051d3c8db7ab4be2d5db
  SABlurImageView: 897e22e803113fc8a23447c371d38dbe4db22dee
  SAParallaxViewControllerSwift: 855c54d919539ea7d3ed6f7bd364b46d7e9aed6b

PODFILE CHECKSUM: d35a45f146416c6f7fd66ee848bba9b490f4a723

COCOAPODS: 1.1.0.rc.2
